// !$*UTF8*$!
{
	archiveVersion = 1;
	classes = {
	};
	objectVersion = 46;
	objects = {

/* Begin PBXBuildFile section */
		59143EEB1D2D1DE500FC88D8 /* StudentTableViewCell.swift in Sources */ = {isa = PBXBuildFile; fileRef = 59143EE91D2D1DE500FC88D8 /* StudentTableViewCell.swift */; };
		59143EEC1D2D1DE500FC88D8 /* StudentTableViewCell.xib in Resources */ = {isa = PBXBuildFile; fileRef = 59143EEA1D2D1DE500FC88D8 /* StudentTableViewCell.xib */; };
		59D1B38B1D24FD79005E1855 /* AppDelegate.swift in Sources */ = {isa = PBXBuildFile; fileRef = 59D1B38A1D24FD79005E1855 /* AppDelegate.swift */; };
		59D1B3921D24FD79005E1855 /* Assets.xcassets in Resources */ = {isa = PBXBuildFile; fileRef = 59D1B3911D24FD79005E1855 /* Assets.xcassets */; };
		59D1B3951D24FD79005E1855 /* LaunchScreen.storyboard in Resources */ = {isa = PBXBuildFile; fileRef = 59D1B3931D24FD79005E1855 /* LaunchScreen.storyboard */; };
		59D1B3A01D24FD79005E1855 /* HelloSwiftProjectTests.swift in Sources */ = {isa = PBXBuildFile; fileRef = 59D1B39F1D24FD79005E1855 /* HelloSwiftProjectTests.swift */; };
		59D1B3AC1D2503EA005E1855 /* MainViewController.swift in Sources */ = {isa = PBXBuildFile; fileRef = 59D1B3AA1D2503EA005E1855 /* MainViewController.swift */; };
		59D1B3AD1D2503EA005E1855 /* MainViewController.xib in Resources */ = {isa = PBXBuildFile; fileRef = 59D1B3AB1D2503EA005E1855 /* MainViewController.xib */; };
		59EC3C9A1D268358002773D0 /* LoginViewController.swift in Sources */ = {isa = PBXBuildFile; fileRef = 59EC3C981D268358002773D0 /* LoginViewController.swift */; };
		59EC3C9B1D268358002773D0 /* LoginViewController.xib in Resources */ = {isa = PBXBuildFile; fileRef = 59EC3C991D268358002773D0 /* LoginViewController.xib */; };
		59EC3C9E1D268442002773D0 /* TextViewController.swift in Sources */ = {isa = PBXBuildFile; fileRef = 59EC3C9C1D268442002773D0 /* TextViewController.swift */; };
		59EC3C9F1D268442002773D0 /* TextViewController.xib in Resources */ = {isa = PBXBuildFile; fileRef = 59EC3C9D1D268442002773D0 /* TextViewController.xib */; };
		59EC3CA21D2684C1002773D0 /* TableViewController.swift in Sources */ = {isa = PBXBuildFile; fileRef = 59EC3CA01D2684C1002773D0 /* TableViewController.swift */; };
		59EC3CA31D2684C1002773D0 /* TableViewController.xib in Resources */ = {isa = PBXBuildFile; fileRef = 59EC3CA11D2684C1002773D0 /* TableViewController.xib */; };
/* End PBXBuildFile section */

/* Begin PBXContainerItemProxy section */
		59D1B39C1D24FD79005E1855 /* PBXContainerItemProxy */ = {
			isa = PBXContainerItemProxy;
			containerPortal = 59D1B37F1D24FD77005E1855 /* Project object */;
			proxyType = 1;
			remoteGlobalIDString = 59D1B3861D24FD77005E1855;
			remoteInfo = HelloSwiftProject;
		};
/* End PBXContainerItemProxy section */

/* Begin PBXFileReference section */
		59143EE91D2D1DE500FC88D8 /* StudentTableViewCell.swift */ = {isa = PBXFileReference; fileEncoding = 4; lastKnownFileType = sourcecode.swift; path = StudentTableViewCell.swift; sourceTree = "<group>"; };
		59143EEA1D2D1DE500FC88D8 /* StudentTableViewCell.xib */ = {isa = PBXFileReference; fileEncoding = 4; lastKnownFileType = file.xib; path = StudentTableViewCell.xib; sourceTree = "<group>"; };
		59D1B3871D24FD77005E1855 /* HelloSwiftProject.app */ = {isa = PBXFileReference; explicitFileType = wrapper.application; includeInIndex = 0; path = HelloSwiftProject.app; sourceTree = BUILT_PRODUCTS_DIR; };
		59D1B38A1D24FD79005E1855 /* AppDelegate.swift */ = {isa = PBXFileReference; lastKnownFileType = sourcecode.swift; path = AppDelegate.swift; sourceTree = "<group>"; };
		59D1B3911D24FD79005E1855 /* Assets.xcassets */ = {isa = PBXFileReference; lastKnownFileType = folder.assetcatalog; path = Assets.xcassets; sourceTree = "<group>"; };
		59D1B3941D24FD79005E1855 /* Base */ = {isa = PBXFileReference; lastKnownFileType = file.storyboard; name = Base; path = Base.lproj/LaunchScreen.storyboard; sourceTree = "<group>"; };
		59D1B3961D24FD79005E1855 /* Info.plist */ = {isa = PBXFileReference; lastKnownFileType = text.plist.xml; path = Info.plist; sourceTree = "<group>"; };
		59D1B39B1D24FD79005E1855 /* HelloSwiftProjectTests.xctest */ = {isa = PBXFileReference; explicitFileType = wrapper.cfbundle; includeInIndex = 0; path = HelloSwiftProjectTests.xctest; sourceTree = BUILT_PRODUCTS_DIR; };
		59D1B39F1D24FD79005E1855 /* HelloSwiftProjectTests.swift */ = {isa = PBXFileReference; lastKnownFileType = sourcecode.swift; path = HelloSwiftProjectTests.swift; sourceTree = "<group>"; };
		59D1B3A11D24FD79005E1855 /* Info.plist */ = {isa = PBXFileReference; lastKnownFileType = text.plist.xml; path = Info.plist; sourceTree = "<group>"; };
		59D1B3AA1D2503EA005E1855 /* MainViewController.swift */ = {isa = PBXFileReference; fileEncoding = 4; lastKnownFileType = sourcecode.swift; path = MainViewController.swift; sourceTree = "<group>"; };
		59D1B3AB1D2503EA005E1855 /* MainViewController.xib */ = {isa = PBXFileReference; fileEncoding = 4; lastKnownFileType = file.xib; path = MainViewController.xib; sourceTree = "<group>"; };
		59EC3C981D268358002773D0 /* LoginViewController.swift */ = {isa = PBXFileReference; fileEncoding = 4; lastKnownFileType = sourcecode.swift; path = LoginViewController.swift; sourceTree = "<group>"; };
		59EC3C991D268358002773D0 /* LoginViewController.xib */ = {isa = PBXFileReference; fileEncoding = 4; lastKnownFileType = file.xib; path = LoginViewController.xib; sourceTree = "<group>"; };
		59EC3C9C1D268442002773D0 /* TextViewController.swift */ = {isa = PBXFileReference; fileEncoding = 4; lastKnownFileType = sourcecode.swift; path = TextViewController.swift; sourceTree = "<group>"; };
		59EC3C9D1D268442002773D0 /* TextViewController.xib */ = {isa = PBXFileReference; fileEncoding = 4; lastKnownFileType = file.xib; path = TextViewController.xib; sourceTree = "<group>"; };
		59EC3CA01D2684C1002773D0 /* TableViewController.swift */ = {isa = PBXFileReference; fileEncoding = 4; lastKnownFileType = sourcecode.swift; path = TableViewController.swift; sourceTree = "<group>"; };
		59EC3CA11D2684C1002773D0 /* TableViewController.xib */ = {isa = PBXFileReference; fileEncoding = 4; lastKnownFileType = file.xib; path = TableViewController.xib; sourceTree = "<group>"; };
/* End PBXFileReference section */

/* Begin PBXFrameworksBuildPhase section */
		59D1B3841D24FD77005E1855 /* Frameworks */ = {
			isa = PBXFrameworksBuildPhase;
			buildActionMask = 2147483647;
			files = (
			);
			runOnlyForDeploymentPostprocessing = 0;
		};
		59D1B3981D24FD79005E1855 /* Frameworks */ = {
			isa = PBXFrameworksBuildPhase;
			buildActionMask = 2147483647;
			files = (
			);
			runOnlyForDeploymentPostprocessing = 0;
		};
/* End PBXFrameworksBuildPhase section */

/* Begin PBXGroup section */
		59D1B37E1D24FD77005E1855 = {
			isa = PBXGroup;
			children = (
				59D1B3891D24FD79005E1855 /* HelloSwiftProject */,
				59D1B39E1D24FD79005E1855 /* HelloSwiftProjectTests */,
				59D1B3881D24FD77005E1855 /* Products */,
			);
			sourceTree = "<group>";
		};
		59D1B3881D24FD77005E1855 /* Products */ = {
			isa = PBXGroup;
			children = (
				59D1B3871D24FD77005E1855 /* HelloSwiftProject.app */,
				59D1B39B1D24FD79005E1855 /* HelloSwiftProjectTests.xctest */,
			);
			name = Products;
			sourceTree = "<group>";
		};
		59D1B3891D24FD79005E1855 /* HelloSwiftProject */ = {
			isa = PBXGroup;
			children = (
				59D1B38A1D24FD79005E1855 /* AppDelegate.swift */,
				59D1B3911D24FD79005E1855 /* Assets.xcassets */,
				59D1B3931D24FD79005E1855 /* LaunchScreen.storyboard */,
				59D1B3961D24FD79005E1855 /* Info.plist */,
				59D1B3AA1D2503EA005E1855 /* MainViewController.swift */,
				59D1B3AB1D2503EA005E1855 /* MainViewController.xib */,
				59EC3C981D268358002773D0 /* LoginViewController.swift */,
				59EC3C991D268358002773D0 /* LoginViewController.xib */,
				59EC3C9C1D268442002773D0 /* TextViewController.swift */,
				59EC3C9D1D268442002773D0 /* TextViewController.xib */,
				59EC3CA01D2684C1002773D0 /* TableViewController.swift */,
				59EC3CA11D2684C1002773D0 /* TableViewController.xib */,
				59143EE91D2D1DE500FC88D8 /* StudentTableViewCell.swift */,
				59143EEA1D2D1DE500FC88D8 /* StudentTableViewCell.xib */,
			);
			path = HelloSwiftProject;
			sourceTree = "<group>";
		};
		59D1B39E1D24FD79005E1855 /* HelloSwiftProjectTests */ = {
			isa = PBXGroup;
			children = (
				59D1B39F1D24FD79005E1855 /* HelloSwiftProjectTests.swift */,
				59D1B3A11D24FD79005E1855 /* Info.plist */,
			);
			path = HelloSwiftProjectTests;
			sourceTree = "<group>";
		};
/* End PBXGroup section */

/* Begin PBXNativeTarget section */
		59D1B3861D24FD77005E1855 /* HelloSwiftProject */ = {
			isa = PBXNativeTarget;
			buildConfigurationList = 59D1B3A41D24FD79005E1855 /* Build configuration list for PBXNativeTarget "HelloSwiftProject" */;
			buildPhases = (
				59D1B3831D24FD77005E1855 /* Sources */,
				59D1B3841D24FD77005E1855 /* Frameworks */,
				59D1B3851D24FD77005E1855 /* Resources */,
			);
			buildRules = (
			);
			dependencies = (
			);
			name = HelloSwiftProject;
			productName = HelloSwiftProject;
			productReference = 59D1B3871D24FD77005E1855 /* HelloSwiftProject.app */;
			productType = "com.apple.product-type.application";
		};
		59D1B39A1D24FD79005E1855 /* HelloSwiftProjectTests */ = {
			isa = PBXNativeTarget;
			buildConfigurationList = 59D1B3A71D24FD79005E1855 /* Build configuration list for PBXNativeTarget "HelloSwiftProjectTests" */;
			buildPhases = (
				59D1B3971D24FD79005E1855 /* Sources */,
				59D1B3981D24FD79005E1855 /* Frameworks */,
				59D1B3991D24FD79005E1855 /* Resources */,
			);
			buildRules = (
			);
			dependencies = (
				59D1B39D1D24FD79005E1855 /* PBXTargetDependency */,
			);
			name = HelloSwiftProjectTests;
			productName = HelloSwiftProjectTests;
			productReference = 59D1B39B1D24FD79005E1855 /* HelloSwiftProjectTests.xctest */;
			productType = "com.apple.product-type.bundle.unit-test";
		};
/* End PBXNativeTarget section */

/* Begin PBXProject section */
		59D1B37F1D24FD77005E1855 /* Project object */ = {
			isa = PBXProject;
			attributes = {
				LastSwiftUpdateCheck = 0730;
				LastUpgradeCheck = 0730;
				ORGANIZATIONNAME = Rhinoda;
				TargetAttributes = {
					59D1B3861D24FD77005E1855 = {
						CreatedOnToolsVersion = 7.3;
						DevelopmentTeam = 32MXG5SFK2;
					};
					59D1B39A1D24FD79005E1855 = {
						CreatedOnToolsVersion = 7.3;
						DevelopmentTeam = 32MXG5SFK2;
						TestTargetID = 59D1B3861D24FD77005E1855;
					};
				};
			};
			buildConfigurationList = 59D1B3821D24FD77005E1855 /* Build configuration list for PBXProject "HelloSwiftProject" */;
			compatibilityVersion = "Xcode 3.2";
			developmentRegion = English;
			hasScannedForEncodings = 0;
			knownRegions = (
				en,
				Base,
			);
			mainGroup = 59D1B37E1D24FD77005E1855;
			productRefGroup = 59D1B3881D24FD77005E1855 /* Products */;
			projectDirPath = "";
			projectRoot = "";
			targets = (
				59D1B3861D24FD77005E1855 /* HelloSwiftProject */,
				59D1B39A1D24FD79005E1855 /* HelloSwiftProjectTests */,
			);
		};
/* End PBXProject section */

/* Begin PBXResourcesBuildPhase section */
		59D1B3851D24FD77005E1855 /* Resources */ = {
			isa = PBXResourcesBuildPhase;
			buildActionMask = 2147483647;
			files = (
				59EC3C9B1D268358002773D0 /* LoginViewController.xib in Resources */,
				59EC3C9F1D268442002773D0 /* TextViewController.xib in Resources */,
				59143EEC1D2D1DE500FC88D8 /* StudentTableViewCell.xib in Resources */,
				59D1B3951D24FD79005E1855 /* LaunchScreen.storyboard in Resources */,
				59EC3CA31D2684C1002773D0 /* TableViewController.xib in Resources */,
				59D1B3921D24FD79005E1855 /* Assets.xcassets in Resources */,
				59D1B3AD1D2503EA005E1855 /* MainViewController.xib in Resources */,
			);
			runOnlyForDeploymentPostprocessing = 0;
		};
		59D1B3991D24FD79005E1855 /* Resources */ = {
			isa = PBXResourcesBuildPhase;
			buildActionMask = 2147483647;
			files = (
			);
			runOnlyForDeploymentPostprocessing = 0;
		};
/* End PBXResourcesBuildPhase section */

/* Begin PBXSourcesBuildPhase section */
		59D1B3831D24FD77005E1855 /* Sources */ = {
			isa = PBXSourcesBuildPhase;
			buildActionMask = 2147483647;
			files = (
				59EC3C9A1D268358002773D0 /* LoginViewController.swift in Sources */,
				59D1B3AC1D2503EA005E1855 /* MainViewController.swift in Sources */,
				59D1B38B1D24FD79005E1855 /* AppDelegate.swift in Sources */,
				59EC3CA21D2684C1002773D0 /* TableViewController.swift in Sources */,
				59EC3C9E1D268442002773D0 /* TextViewController.swift in Sources */,
				59143EEB1D2D1DE500FC88D8 /* StudentTableViewCell.swift in Sources */,
			);
			runOnlyForDeploymentPostprocessing = 0;
		};
		59D1B3971D24FD79005E1855 /* Sources */ = {
			isa = PBXSourcesBuildPhase;
			buildActionMask = 2147483647;
			files = (
				59D1B3A01D24FD79005E1855 /* HelloSwiftProjectTests.swift in Sources */,
			);
			runOnlyForDeploymentPostprocessing = 0;
		};
/* End PBXSourcesBuildPhase section */

/* Begin PBXTargetDependency section */
		59D1B39D1D24FD79005E1855 /* PBXTargetDependency */ = {
			isa = PBXTargetDependency;
			target = 59D1B3861D24FD77005E1855 /* HelloSwiftProject */;
			targetProxy = 59D1B39C1D24FD79005E1855 /* PBXContainerItemProxy */;
		};
/* End PBXTargetDependency section */

/* Begin PBXVariantGroup section */
		59D1B3931D24FD79005E1855 /* LaunchScreen.storyboard */ = {
			isa = PBXVariantGroup;
			children = (
				59D1B3941D24FD79005E1855 /* Base */,
			);
			name = LaunchScreen.storyboard;
			sourceTree = "<group>";
		};
/* End PBXVariantGroup section */

/* Begin XCBuildConfiguration section */
		59D1B3A21D24FD79005E1855 /* Debug */ = {
			isa = XCBuildConfiguration;
			buildSettings = {
				ALWAYS_SEARCH_USER_PATHS = NO;
				CLANG_ANALYZER_NONNULL = YES;
				CLANG_CXX_LANGUAGE_STANDARD = "gnu++0x";
				CLANG_CXX_LIBRARY = "libc++";
				CLANG_ENABLE_MODULES = YES;
				CLANG_ENABLE_OBJC_ARC = YES;
				CLANG_WARN_BOOL_CONVERSION = YES;
				CLANG_WARN_CONSTANT_CONVERSION = YES;
				CLANG_WARN_DIRECT_OBJC_ISA_USAGE = YES_ERROR;
				CLANG_WARN_EMPTY_BODY = YES;
				CLANG_WARN_ENUM_CONVERSION = YES;
				CLANG_WARN_INT_CONVERSION = YES;
				CLANG_WARN_OBJC_ROOT_CLASS = YES_ERROR;
				CLANG_WARN_UNREACHABLE_CODE = YES;
				CLANG_WARN__DUPLICATE_METHOD_MATCH = YES;
				"CODE_SIGN_IDENTITY[sdk=iphoneos*]" = "iPhone Developer";
				COPY_PHASE_STRIP = NO;
				DEBUG_INFORMATION_FORMAT = dwarf;
				ENABLE_STRICT_OBJC_MSGSEND = YES;
				ENABLE_TESTABILITY = YES;
				GCC_C_LANGUAGE_STANDARD = gnu99;
				GCC_DYNAMIC_NO_PIC = NO;
				GCC_NO_COMMON_BLOCKS = YES;
				GCC_OPTIMIZATION_LEVEL = 0;
				GCC_PREPROCESSOR_DEFINITIONS = (
					"DEBUG=1",
					"$(inherited)",
				);
				GCC_WARN_64_TO_32_BIT_CONVERSION = YES;
				GCC_WARN_ABOUT_RETURN_TYPE = YES_ERROR;
				GCC_WARN_UNDECLARED_SELECTOR = YES;
				GCC_WARN_UNINITIALIZED_AUTOS = YES_AGGRESSIVE;
				GCC_WARN_UNUSED_FUNCTION = YES;
				GCC_WARN_UNUSED_VARIABLE = YES;
				IPHONEOS_DEPLOYMENT_TARGET = 9.3;
				MTL_ENABLE_DEBUG_INFO = YES;
				ONLY_ACTIVE_ARCH = YES;
				SDKROOT = iphoneos;
				SWIFT_OPTIMIZATION_LEVEL = "-Onone";
				TARGETED_DEVICE_FAMILY = "1,2";
			};
			name = Debug;
		};
		59D1B3A31D24FD79005E1855 /* Release */ = {
			isa = XCBuildConfiguration;
			buildSettings = {
				ALWAYS_SEARCH_USER_PATHS = NO;
				CLANG_ANALYZER_NONNULL = YES;
				CLANG_CXX_LANGUAGE_STANDARD = "gnu++0x";
				CLANG_CXX_LIBRARY = "libc++";
				CLANG_ENABLE_MODULES = YES;
				CLANG_ENABLE_OBJC_ARC = YES;
				CLANG_WARN_BOOL_CONVERSION = YES;
				CLANG_WARN_CONSTANT_CONVERSION = YES;
				CLANG_WARN_DIRECT_OBJC_ISA_USAGE = YES_ERROR;
				CLANG_WARN_EMPTY_BODY = YES;
				CLANG_WARN_ENUM_CONVERSION = YES;
				CLANG_WARN_INT_CONVERSION = YES;
				CLANG_WARN_OBJC_ROOT_CLASS = YES_ERROR;
				CLANG_WARN_UNREACHABLE_CODE = YES;
				CLANG_WARN__DUPLICATE_METHOD_MATCH = YES;
				"CODE_SIGN_IDENTITY[sdk=iphoneos*]" = "iPhone Developer";
				COPY_PHASE_STRIP = NO;
				DEBUG_INFORMATION_FORMAT = "dwarf-with-dsym";
				ENABLE_NS_ASSERTIONS = NO;
				ENABLE_STRICT_OBJC_MSGSEND = YES;
				GCC_C_LANGUAGE_STANDARD = gnu99;
				GCC_NO_COMMON_BLOCKS = YES;
				GCC_WARN_64_TO_32_BIT_CONVERSION = YES;
				GCC_WARN_ABOUT_RETURN_TYPE = YES_ERROR;
				GCC_WARN_UNDECLARED_SELECTOR = YES;
				GCC_WARN_UNINITIALIZED_AUTOS = YES_AGGRESSIVE;
				GCC_WARN_UNUSED_FUNCTION = YES;
				GCC_WARN_UNUSED_VARIABLE = YES;
				IPHONEOS_DEPLOYMENT_TARGET = 9.3;
				MTL_ENABLE_DEBUG_INFO = NO;
				SDKROOT = iphoneos;
				TARGETED_DEVICE_FAMILY = "1,2";
				VALIDATE_PRODUCT = YES;
			};
			name = Release;
		};
		59D1B3A51D24FD79005E1855 /* Debug */ = {
			isa = XCBuildConfiguration;
			buildSettings = {
				ASSETCATALOG_COMPILER_APPICON_NAME = AppIcon;
				INFOPLIST_FILE = HelloSwiftProject/Info.plist;
				LD_RUNPATH_SEARCH_PATHS = "$(inherited) @executable_path/Frameworks";
				PRODUCT_BUNDLE_IDENTIFIER = com.rhinoda.HelloSwiftProject;
				PRODUCT_NAME = "$(TARGET_NAME)";
			};
			name = Debug;
		};
		59D1B3A61D24FD79005E1855 /* Release */ = {
			isa = XCBuildConfiguration;
			buildSettings = {
				ASSETCATALOG_COMPILER_APPICON_NAME = AppIcon;
				INFOPLIST_FILE = HelloSwiftProject/Info.plist;
				LD_RUNPATH_SEARCH_PATHS = "$(inherited) @executable_path/Frameworks";
				PRODUCT_BUNDLE_IDENTIFIER = com.rhinoda.HelloSwiftProject;
				PRODUCT_NAME = "$(TARGET_NAME)";
			};
			name = Release;
		};
		59D1B3A81D24FD79005E1855 /* Debug */ = {
			isa = XCBuildConfiguration;
			buildSettings = {
				BUNDLE_LOADER = "$(TEST_HOST)";
				INFOPLIST_FILE = HelloSwiftProjectTests/Info.plist;
				LD_RUNPATH_SEARCH_PATHS = "$(inherited) @executable_path/Frameworks @loader_path/Frameworks";
				PRODUCT_BUNDLE_IDENTIFIER = com.rhinoda.HelloSwiftProjectTests;
				PRODUCT_NAME = "$(TARGET_NAME)";
				TEST_HOST = "$(BUILT_PRODUCTS_DIR)/HelloSwiftProject.app/HelloSwiftProject";
			};
			name = Debug;
		};
		59D1B3A91D24FD79005E1855 /* Release */ = {
			isa = XCBuildConfiguration;
			buildSettings = {
				BUNDLE_LOADER = "$(TEST_HOST)";
				INFOPLIST_FILE = HelloSwiftProjectTests/Info.plist;
				LD_RUNPATH_SEARCH_PATHS = "$(inherited) @executable_path/Frameworks @loader_path/Frameworks";
				PRODUCT_BUNDLE_IDENTIFIER = com.rhinoda.HelloSwiftProjectTests;
				PRODUCT_NAME = "$(TARGET_NAME)";
				TEST_HOST = "$(BUILT_PRODUCTS_DIR)/HelloSwiftProject.app/HelloSwiftProject";
			};
			name = Release;
		};
/* End XCBuildConfiguration section */

/* Begin XCConfigurationList section */
		59D1B3821D24FD77005E1855 /* Build configuration list for PBXProject "HelloSwiftProject" */ = {
			isa = XCConfigurationList;
			buildConfigurations = (
				59D1B3A21D24FD79005E1855 /* Debug */,
				59D1B3A31D24FD79005E1855 /* Release */,
			);
			defaultConfigurationIsVisible = 0;
			defaultConfigurationName = Release;
		};
		59D1B3A41D24FD79005E1855 /* Build configuration list for PBXNativeTarget "HelloSwiftProject" */ = {
			isa = XCConfigurationList;
			buildConfigurations = (
				59D1B3A51D24FD79005E1855 /* Debug */,
				59D1B3A61D24FD79005E1855 /* Release */,
			);
			defaultConfigurationIsVisible = 0;
			defaultConfigurationName = Release;
		};
		59D1B3A71D24FD79005E1855 /* Build configuration list for PBXNativeTarget "HelloSwiftProjectTests" */ = {
			isa = XCConfigurationList;
			buildConfigurations = (
				59D1B3A81D24FD79005E1855 /* Debug */,
				59D1B3A91D24FD79005E1855 /* Release */,
			);
			defaultConfigurationIsVisible = 0;
			defaultConfigurationName = Release;
		};
/* End XCConfigurationList section */
	};
	rootObject = 59D1B37F1D24FD77005E1855 /* Project object */;
}
